
Microsoft Visual Studio Solution File, Format Version 12.00
# Visual Studio Version 16
VisualStudioVersion = 16.0.28803.452
MinimumVisualStudioVersion = 10.0.40219.1
Project("{FAE04EC0-301F-11D3-BF4B-00C04F79EFBC}") = "ImageViewer", "ImageViewer\ImageViewer.csproj", "{C634110E-BAA1-46D9-B694-42074103F9BD}"
EndProject
Global
	GlobalSection(SolutionConfigurationPlatforms) = preSolution
		Debug|Any CPU = Debug|Any CPU
		Release|Any CPU = Release|Any CPU
	EndGlobalSection
	GlobalSection(ProjectConfigurationPlatforms) = postSolution
		{C634110E-BAA1-46D9-B694-42074103F9BD}.Debug|Any CPU.ActiveCfg = Debug|Any CPU
		{C634110E-BAA1-46D9-B694-42074103F9BD}.Debug|Any CPU.Build.0 = Debug|Any CPU
		{C634110E-BAA1-46D9-B694-42074103F9BD}.Release|Any CPU.ActiveCfg = Release|Any CPU
		{C634110E-BAA1-46D9-B694-42074103F9BD}.Release|Any CPU.Build.0 = Release|Any CPU
	EndGlobalSection
	GlobalSection(SolutionProperties) = preSolution
		HideSolutionNode = FALSE
	EndGlobalSection
	GlobalSection(ExtensibilityGlobals) = postSolution
		SolutionGuid = {586DFA98-DA2F-476A-9B1E-2FD35DE140E7}
	EndGlobalSection
EndGlobal
